
Microsoft Visual Studio Solution File, Format Version 12.00
# Visual Studio Version 16
VisualStudioVersion = 16.0.29806.167
MinimumVisualStudioVersion = 10.0.40219.1
Project("{9A19103F-16F7-4668-BE54-9A1E7A4F7556}") = "TODOBackend", "TODOBackend\TODOBackend.csproj", "{C48F57A6-0C59-4290-8ACF-FB83F485B68F}"
EndProject
Global
	GlobalSection(SolutionConfigurationPlatforms) = preSolution
		Debug|Any CPU = Debug|Any CPU
		Release|Any CPU = Release|Any CPU
	EndGlobalSection
	GlobalSection(ProjectConfigurationPlatforms) = postSolution
		{C48F57A6-0C59-4290-8ACF-FB83F485B68F}.Debug|Any CPU.ActiveCfg = Debug|Any CPU
		{C48F57A6-0C59-4290-8ACF-FB83F485B68F}.Debug|Any CPU.Build.0 = Debug|Any CPU
		{C48F57A6-0C59-4290-8ACF-FB83F485B68F}.Release|Any CPU.ActiveCfg = Release|Any CPU
		{C48F57A6-0C59-4290-8ACF-FB83F485B68F}.Release|Any CPU.Build.0 = Release|Any CPU
	EndGlobalSection
	GlobalSection(SolutionProperties) = preSolution
		HideSolutionNode = FALSE
	EndGlobalSection
	GlobalSection(ExtensibilityGlobals) = postSolution
		SolutionGuid = {AF9BCD88-1A9C-4F6E-A5BE-6BC3CF3352BC}
	EndGlobalSection
EndGlobal
